{
    "version": 3,
    "terraform_version": "0.11.10",
    "serial": 7,
    "lineage": "a5157168-9d2e-4948-b8b5-177986ff14ff",
    "modules": [
        {
            "path": [
                "root"
            ],
            "outputs": {
                "hostname": {
                    "sensitive": false,
                    "type": "string",
                    "value": "prefix"
                }
            },
            "resources": {
                "azurerm_lb.lb": {
                    "type": "azurerm_lb",
                    "depends_on": [
                        "azurerm_public_ip.pip",
                        "azurerm_resource_group.rg"
                    ],
                    "primary": {
                        "id": "/subscriptions/4c950822-b692-4f3a-a53f-40cc40aced2e/resourceGroups/gdxmabatresourcegroup/providers/Microsoft.Network/loadBalancers/LoadBalancer",
                        "attributes": {
                            "frontend_ip_configuration.#": "1",
                            "frontend_ip_configuration.0.inbound_nat_rules.#": "0",
                            "frontend_ip_configuration.0.load_balancer_rules.#": "0",
                            "frontend_ip_configuration.0.name": "LBFrontEnd",
                            "frontend_ip_configuration.0.private_ip_address": "",
                            "frontend_ip_configuration.0.private_ip_address_allocation": "Dynamic",
                            "frontend_ip_configuration.0.public_ip_address_id": "/subscriptions/4c950822-b692-4f3a-a53f-40cc40aced2e/resourceGroups/gdxmabatresourcegroup/providers/Microsoft.Network/publicIPAddresses/servidor-gdxmabat-ubuntu-pip",
                            "frontend_ip_configuration.0.subnet_id": "",
                            "frontend_ip_configuration.0.zones.#": "0",
                            "id": "/subscriptions/4c950822-b692-4f3a-a53f-40cc40aced2e/resourceGroups/gdxmabatresourcegroup/providers/Microsoft.Network/loadBalancers/LoadBalancer",
                            "location": "westus",
                            "name": "LoadBalancer",
                            "private_ip_address": "",
                            "private_ip_addresses.#": "0",
                            "resource_group_name": "gdxmabatresourcegroup",
                            "sku": "Basic",
                            "tags.%": "0"
                        },
                        "meta": {},
                        "tainted": false
                    },
                    "deposed": [],
                    "provider": "provider.azurerm"
                },
                "azurerm_lb_backend_address_pool.backlb": {
                    "type": "azurerm_lb_backend_address_pool",
                    "depends_on": [
                        "azurerm_lb.lb",
                        "azurerm_resource_group.rg"
                    ],
                    "primary": {
                        "id": "/subscriptions/4c950822-b692-4f3a-a53f-40cc40aced2e/resourceGroups/gdxmabatresourcegroup/providers/Microsoft.Network/loadBalancers/LoadBalancer/backendAddressPools/BackEndAddressPool",
                        "attributes": {
                            "backend_ip_configurations.#": "0",
                            "id": "/subscriptions/4c950822-b692-4f3a-a53f-40cc40aced2e/resourceGroups/gdxmabatresourcegroup/providers/Microsoft.Network/loadBalancers/LoadBalancer/backendAddressPools/BackEndAddressPool",
                            "load_balancing_rules.#": "0",
                            "loadbalancer_id": "/subscriptions/4c950822-b692-4f3a-a53f-40cc40aced2e/resourceGroups/gdxmabatresourcegroup/providers/Microsoft.Network/loadBalancers/LoadBalancer",
                            "name": "BackEndAddressPool",
                            "resource_group_name": "gdxmabatresourcegroup"
                        },
                        "meta": {},
                        "tainted": false
                    },
                    "deposed": [],
                    "provider": "provider.azurerm"
                },
                "azurerm_lb_nat_pool.np": {
                    "type": "azurerm_lb_nat_pool",
                    "depends_on": [
                        "azurerm_lb.lb",
                        "azurerm_resource_group.rg"
                    ],
                    "primary": {
                        "id": "/subscriptions/4c950822-b692-4f3a-a53f-40cc40aced2e/resourceGroups/gdxmabatresourcegroup/providers/Microsoft.Network/loadBalancers/LoadBalancer/inboundNatPools/NATPool",
                        "attributes": {
                            "backend_port": "22",
                            "frontend_ip_configuration_id": "/subscriptions/4c950822-b692-4f3a-a53f-40cc40aced2e/resourceGroups/gdxmabatresourcegroup/providers/Microsoft.Network/loadBalancers/LoadBalancer/frontendIPConfigurations/LBFrontEnd",
                            "frontend_ip_configuration_name": "LBFrontEnd",
                            "frontend_port_end": "50119",
                            "frontend_port_start": "50000",
                            "id": "/subscriptions/4c950822-b692-4f3a-a53f-40cc40aced2e/resourceGroups/gdxmabatresourcegroup/providers/Microsoft.Network/loadBalancers/LoadBalancer/inboundNatPools/NATPool",
                            "loadbalancer_id": "/subscriptions/4c950822-b692-4f3a-a53f-40cc40aced2e/resourceGroups/gdxmabatresourcegroup/providers/Microsoft.Network/loadBalancers/LoadBalancer",
                            "name": "NATPool",
                            "protocol": "Tcp",
                            "resource_group_name": "gdxmabatresourcegroup"
                        },
                        "meta": {},
                        "tainted": false
                    },
                    "deposed": [],
                    "provider": "provider.azurerm"
                },
                "azurerm_public_ip.pip": {
                    "type": "azurerm_public_ip",
                    "depends_on": [
                        "azurerm_resource_group.rg"
                    ],
                    "primary": {
                        "id": "/subscriptions/4c950822-b692-4f3a-a53f-40cc40aced2e/resourceGroups/gdxmabatresourcegroup/providers/Microsoft.Network/publicIPAddresses/servidor-gdxmabat-ubuntu-pip",
                        "attributes": {
                            "domain_name_label": "servidor-gdxmabat-ubuntu",
                            "fqdn": "servidor-gdxmabat-ubuntu.westus.cloudapp.azure.com",
                            "id": "/subscriptions/4c950822-b692-4f3a-a53f-40cc40aced2e/resourceGroups/gdxmabatresourcegroup/providers/Microsoft.Network/publicIPAddresses/servidor-gdxmabat-ubuntu-pip",
                            "idle_timeout_in_minutes": "4",
                            "ip_address": "",
                            "ip_version": "IPv4",
                            "location": "westus",
                            "name": "servidor-gdxmabat-ubuntu-pip",
                            "public_ip_address_allocation": "Dynamic",
                            "resource_group_name": "gdxmabatresourcegroup",
                            "sku": "Basic",
                            "tags.%": "0",
                            "zones.#": "0"
                        },
                        "meta": {},
                        "tainted": false
                    },
                    "deposed": [],
                    "provider": "provider.azurerm"
                },
                "azurerm_resource_group.rg": {
                    "type": "azurerm_resource_group",
                    "depends_on": [],
                    "primary": {
                        "id": "/subscriptions/4c950822-b692-4f3a-a53f-40cc40aced2e/resourceGroups/gdxmabatresourcegroup",
                        "attributes": {
                            "id": "/subscriptions/4c950822-b692-4f3a-a53f-40cc40aced2e/resourceGroups/gdxmabatresourcegroup",
                            "location": "westus",
                            "name": "gdxmabatresourcegroup",
                            "tags.%": "0"
                        },
                        "meta": {},
                        "tainted": false
                    },
                    "deposed": [],
                    "provider": "provider.azurerm"
                },
                "azurerm_storage_account.stor": {
                    "type": "azurerm_storage_account",
                    "depends_on": [
                        "azurerm_resource_group.rg"
                    ],
                    "primary": {
                        "id": "/subscriptions/4c950822-b692-4f3a-a53f-40cc40aced2e/resourceGroups/gdxmabatresourcegroup/providers/Microsoft.Storage/storageAccounts/gdxmabatresourcegroup",
                        "attributes": {
                            "access_tier": "",
                            "account_encryption_source": "Microsoft.Storage",
                            "account_kind": "Storage",
                            "account_replication_type": "LRS",
                            "account_tier": "Standard",
                            "account_type": "Standard_LRS",
                            "enable_blob_encryption": "true",
                            "enable_file_encryption": "true",
                            "enable_https_traffic_only": "false",
                            "id": "/subscriptions/4c950822-b692-4f3a-a53f-40cc40aced2e/resourceGroups/gdxmabatresourcegroup/providers/Microsoft.Storage/storageAccounts/gdxmabatresourcegroup",
                            "identity.#": "0",
                            "location": "westus",
                            "name": "gdxmabatresourcegroup",
                            "network_rules.#": "0",
                            "primary_access_key": "uCbstfSX8NCGUIWapU0hMEHRIfdilMGsg5XckYEcYZ2TxcPMYjRnyf1GdY1nVkEGRz39aSlV3GeKcamVDcvUkA==",
                            "primary_blob_connection_string": "DefaultEndpointsProtocol=https;BlobEndpoint=https://gdxmabatresourcegroup.blob.core.windows.net/;AccountName=gdxmabatresourcegroup;AccountKey=uCbstfSX8NCGUIWapU0hMEHRIfdilMGsg5XckYEcYZ2TxcPMYjRnyf1GdY1nVkEGRz39aSlV3GeKcamVDcvUkA==",
                            "primary_blob_endpoint": "https://gdxmabatresourcegroup.blob.core.windows.net/",
                            "primary_connection_string": "DefaultEndpointsProtocol=https;AccountName=gdxmabatresourcegroup;AccountKey=uCbstfSX8NCGUIWapU0hMEHRIfdilMGsg5XckYEcYZ2TxcPMYjRnyf1GdY1nVkEGRz39aSlV3GeKcamVDcvUkA==;EndpointSuffix=core.windows.net",
                            "primary_file_endpoint": "https://gdxmabatresourcegroup.file.core.windows.net/",
                            "primary_location": "westus",
                            "primary_queue_endpoint": "https://gdxmabatresourcegroup.queue.core.windows.net/",
                            "primary_table_endpoint": "https://gdxmabatresourcegroup.table.core.windows.net/",
                            "resource_group_name": "gdxmabatresourcegroup",
                            "secondary_access_key": "wusEemnarFjeNsUEvoX686obCA8vggrAekXMjyB4ppdEjr0yUgzJKnKhFBSGG3EwwZohoHB51evEOmVdoaYxCw==",
                            "secondary_connection_string": "DefaultEndpointsProtocol=https;AccountName=gdxmabatresourcegroup;AccountKey=wusEemnarFjeNsUEvoX686obCA8vggrAekXMjyB4ppdEjr0yUgzJKnKhFBSGG3EwwZohoHB51evEOmVdoaYxCw==;EndpointSuffix=core.windows.net",
                            "secondary_location": "",
                            "tags.%": "0"
                        },
                        "meta": {
                            "schema_version": "2"
                        },
                        "tainted": false
                    },
                    "deposed": [],
                    "provider": "provider.azurerm"
                },
                "azurerm_storage_container.vhds": {
                    "type": "azurerm_storage_container",
                    "depends_on": [
                        "azurerm_resource_group.rg",
                        "azurerm_storage_account.stor"
                    ],
                    "primary": {
                        "id": "https://gdxmabatresourcegroup.blob.core.windows.net/vhds",
                        "attributes": {
                            "container_access_type": "blob",
                            "id": "https://gdxmabatresourcegroup.blob.core.windows.net/vhds",
                            "name": "vhds",
                            "properties.%": "4",
                            "properties.last_modified": "Fri, 23 Nov 2018 08:52:23 GMT",
                            "properties.lease_duration": "",
                            "properties.lease_state": "available",
                            "properties.lease_status": "unlocked",
                            "resource_group_name": "gdxmabatresourcegroup",
                            "storage_account_name": "gdxmabatresourcegroup"
                        },
                        "meta": {
                            "schema_version": "1"
                        },
                        "tainted": false
                    },
                    "deposed": [],
                    "provider": "provider.azurerm"
                },
                "azurerm_subnet.subnet": {
                    "type": "azurerm_subnet",
                    "depends_on": [
                        "azurerm_resource_group.rg",
                        "azurerm_virtual_network.vnet"
                    ],
                    "primary": {
                        "id": "/subscriptions/4c950822-b692-4f3a-a53f-40cc40aced2e/resourceGroups/gdxmabatresourcegroup/providers/Microsoft.Network/virtualNetworks/gdxmabatresourcegroupvnet/subnets/subnet",
                        "attributes": {
                            "address_prefix": "10.0.0.0/24",
                            "id": "/subscriptions/4c950822-b692-4f3a-a53f-40cc40aced2e/resourceGroups/gdxmabatresourcegroup/providers/Microsoft.Network/virtualNetworks/gdxmabatresourcegroupvnet/subnets/subnet",
                            "ip_configurations.#": "0",
                            "name": "subnet",
                            "resource_group_name": "gdxmabatresourcegroup",
                            "route_table_id": "",
                            "service_endpoints.#": "0",
                            "virtual_network_name": "gdxmabatresourcegroupvnet"
                        },
                        "meta": {},
                        "tainted": false
                    },
                    "deposed": [],
                    "provider": "provider.azurerm"
                },
                "azurerm_virtual_machine_scale_set.scaleset": {
                    "type": "azurerm_virtual_machine_scale_set",
                    "depends_on": [
                        "azurerm_lb.lb",
                        "azurerm_lb_backend_address_pool.backlb",
                        "azurerm_lb_nat_pool.np.*",
                        "azurerm_resource_group.rg",
                        "azurerm_storage_account.stor",
                        "azurerm_storage_container.vhds",
                        "azurerm_subnet.subnet",
                        "azurerm_virtual_network.vnet"
                    ],
                    "primary": {
                        "id": "/subscriptions/4c950822-b692-4f3a-a53f-40cc40aced2e/resourceGroups/gdxmabatresourcegroup/providers/Microsoft.Compute/virtualMachineScaleSets/autoscalewad",
                        "attributes": {
                            "automatic_os_upgrade": "false",
                            "eviction_policy": "",
                            "extension.#": "0",
                            "id": "/subscriptions/4c950822-b692-4f3a-a53f-40cc40aced2e/resourceGroups/gdxmabatresourcegroup/providers/Microsoft.Compute/virtualMachineScaleSets/autoscalewad",
                            "identity.#": "0",
                            "license_type": "",
                            "location": "westus",
                            "name": "autoscalewad",
                            "network_profile.#": "1",
                            "network_profile.1050460660.accelerated_networking": "false",
                            "network_profile.1050460660.dns_settings.#": "1",
                            "network_profile.1050460660.dns_settings.0.dns_servers.#": "0",
                            "network_profile.1050460660.ip_configuration.#": "1",
                            "network_profile.1050460660.ip_configuration.0.application_gateway_backend_address_pool_ids.#": "0",
                            "network_profile.1050460660.ip_configuration.0.application_security_group_ids.#": "0",
                            "network_profile.1050460660.ip_configuration.0.load_balancer_backend_address_pool_ids.#": "1",
                            "network_profile.1050460660.ip_configuration.0.load_balancer_backend_address_pool_ids.2401308383": "/subscriptions/4c950822-b692-4f3a-a53f-40cc40aced2e/resourceGroups/gdxmabatresourcegroup/providers/Microsoft.Network/loadBalancers/LoadBalancer/backendAddressPools/BackEndAddressPool",
                            "network_profile.1050460660.ip_configuration.0.load_balancer_inbound_nat_rules_ids.#": "1",
                            "network_profile.1050460660.ip_configuration.0.load_balancer_inbound_nat_rules_ids.1258480322": "/subscriptions/4c950822-b692-4f3a-a53f-40cc40aced2e/resourceGroups/gdxmabatresourcegroup/providers/Microsoft.Network/loadBalancers/LoadBalancer/inboundNatPools/NATPool",
                            "network_profile.1050460660.ip_configuration.0.name": "servidor-gdxmabat-ubuntuipconfig",
                            "network_profile.1050460660.ip_configuration.0.primary": "true",
                            "network_profile.1050460660.ip_configuration.0.public_ip_address_configuration.#": "0",
                            "network_profile.1050460660.ip_configuration.0.subnet_id": "/subscriptions/4c950822-b692-4f3a-a53f-40cc40aced2e/resourceGroups/gdxmabatresourcegroup/providers/Microsoft.Network/virtualNetworks/gdxmabatresourcegroupvnet/subnets/subnet",
                            "network_profile.1050460660.ip_forwarding": "false",
                            "network_profile.1050460660.name": "servidor-gdxmabat-ubuntu-nic",
                            "network_profile.1050460660.network_security_group_id": "",
                            "network_profile.1050460660.primary": "true",
                            "os_profile.#": "1",
                            "os_profile.0.admin_password": "Mario.Medina",
                            "os_profile.0.admin_username": "mario",
                            "os_profile.0.computer_name_prefix": "prefix",
                            "os_profile.0.custom_data": "",
                            "os_profile_linux_config.#": "1",
                            "os_profile_linux_config.2972667452.disable_password_authentication": "false",
                            "os_profile_linux_config.2972667452.ssh_keys.#": "0",
                            "os_profile_secrets.#": "0",
                            "overprovision": "true",
                            "priority": "",
                            "resource_group_name": "gdxmabatresourcegroup",
                            "single_placement_group": "true",
                            "sku.#": "1",
                            "sku.0.capacity": "2",
                            "sku.0.name": "Standard_A1",
                            "sku.0.tier": "Standard",
                            "storage_profile_image_reference.#": "1",
                            "storage_profile_image_reference.2162850356.id": "",
                            "storage_profile_image_reference.2162850356.offer": "UbuntuServer",
                            "storage_profile_image_reference.2162850356.publisher": "Canonical",
                            "storage_profile_image_reference.2162850356.sku": "16.04.0-LTS",
                            "storage_profile_image_reference.2162850356.version": "latest",
                            "storage_profile_os_disk.#": "1",
                            "storage_profile_os_disk.1831393070.caching": "ReadWrite",
                            "storage_profile_os_disk.1831393070.create_option": "FromImage",
                            "storage_profile_os_disk.1831393070.image": "",
                            "storage_profile_os_disk.1831393070.managed_disk_type": "",
                            "storage_profile_os_disk.1831393070.name": "servidor-gdxmabat-ubuntu",
                            "storage_profile_os_disk.1831393070.os_type": "",
                            "storage_profile_os_disk.1831393070.vhd_containers.#": "1",
                            "storage_profile_os_disk.1831393070.vhd_containers.3412869226": "https://gdxmabatresourcegroup.blob.core.windows.net/vhds",
                            "tags.%": "0",
                            "upgrade_policy_mode": "Manual",
                            "zones.#": "0"
                        },
                        "meta": {},
                        "tainted": false
                    },
                    "deposed": [],
                    "provider": "provider.azurerm"
                },
                "azurerm_virtual_network.vnet": {
                    "type": "azurerm_virtual_network",
                    "depends_on": [
                        "azurerm_resource_group.rg"
                    ],
                    "primary": {
                        "id": "/subscriptions/4c950822-b692-4f3a-a53f-40cc40aced2e/resourceGroups/gdxmabatresourcegroup/providers/Microsoft.Network/virtualNetworks/gdxmabatresourcegroupvnet",
                        "attributes": {
                            "address_space.#": "1",
                            "address_space.0": "10.0.0.0/16",
                            "dns_servers.#": "0",
                            "id": "/subscriptions/4c950822-b692-4f3a-a53f-40cc40aced2e/resourceGroups/gdxmabatresourcegroup/providers/Microsoft.Network/virtualNetworks/gdxmabatresourcegroupvnet",
                            "location": "westus",
                            "name": "gdxmabatresourcegroupvnet",
                            "resource_group_name": "gdxmabatresourcegroup",
                            "subnet.#": "0",
                            "tags.%": "0"
                        },
                        "meta": {},
                        "tainted": false
                    },
                    "deposed": [],
                    "provider": "provider.azurerm"
                }
            },
            "depends_on": []
        }
    ]
}
